
Microsoft Visual Studio Solution File, Format Version 12.00
# Visual Studio Version 17
VisualStudioVersion = 17.0.31903.59
MinimumVisualStudioVersion = 10.0.40219.1
Project("{2150E333-8FDC-42A3-9474-1A3956D46DE8}") = "ModularMonolith_CleanArchitecture_VerticalSlices", "ModularMonolith_CleanArchitecture_VerticalSlices", "{691558A3-06B5-21FC-A5FD-23D920EDA287}"
EndProject
Project("{2150E333-8FDC-42A3-9474-1A3956D46DE8}") = "AcademicManagement", "AcademicManagement", "{2EFF2C3D-62CD-7D0D-2F67-B7535FD0BDC7}"
EndProject
Project("{FAE04EC0-301F-11D3-BF4B-00C04F79EFBC}") = "AcademicManagement.Application", "ModularMonolith_CleanArchitecture_VerticalSlices\AcademicManagement\AcademicManagement.Application\AcademicManagement.Application.csproj", "{D18C90E0-04B6-4328-A14E-774993AB3237}"
EndProject
Project("{FAE04EC0-301F-11D3-BF4B-00C04F79EFBC}") = "AcademicManagement.Domain", "ModularMonolith_CleanArchitecture_VerticalSlices\AcademicManagement\AcademicManagement.Domain\AcademicManagement.Domain.csproj", "{EE7AA14B-7342-4DE1-9EA2-3723E43111CF}"
EndProject
Project("{FAE04EC0-301F-11D3-BF4B-00C04F79EFBC}") = "AcademicManagement.Infrastructure", "ModularMonolith_CleanArchitecture_VerticalSlices\AcademicManagement\AcademicManagement.Infrastructure\AcademicManagement.Infrastructure.csproj", "{14F29E64-7495-4829-AD35-BEF7779F06ED}"
EndProject
Project("{2150E333-8FDC-42A3-9474-1A3956D46DE8}") = "StudentEnrollment", "StudentEnrollment", "{76393548-D5FD-C84C-A814-F080CEFEC156}"
EndProject
Project("{FAE04EC0-301F-11D3-BF4B-00C04F79EFBC}") = "StudentEnrollment.Application", "ModularMonolith_CleanArchitecture_VerticalSlices\StudentEnrollment\StudentEnrollment.Application\StudentEnrollment.Application.csproj", "{813C8955-FC6F-4A60-8316-3C82A5875379}"
EndProject
Project("{FAE04EC0-301F-11D3-BF4B-00C04F79EFBC}") = "StudentEnrollment.Domain", "ModularMonolith_CleanArchitecture_VerticalSlices\StudentEnrollment\StudentEnrollment.Domain\StudentEnrollment.Domain.csproj", "{3D54B43B-1011-4E18-87C6-A3FA936CE10B}"
EndProject
Project("{FAE04EC0-301F-11D3-BF4B-00C04F79EFBC}") = "StudentEnrollment.Infrastructure", "ModularMonolith_CleanArchitecture_VerticalSlices\StudentEnrollment\StudentEnrollment.Infrastructure\StudentEnrollment.Infrastructure.csproj", "{21209507-8081-4061-9197-8F97F48C6392}"
EndProject
Global
	GlobalSection(SolutionConfigurationPlatforms) = preSolution
		Debug|Any CPU = Debug|Any CPU
		Debug|x64 = Debug|x64
		Debug|x86 = Debug|x86
		Release|Any CPU = Release|Any CPU
		Release|x64 = Release|x64
		Release|x86 = Release|x86
	EndGlobalSection
	GlobalSection(ProjectConfigurationPlatforms) = postSolution
		{D18C90E0-04B6-4328-A14E-774993AB3237}.Debug|Any CPU.ActiveCfg = Debug|Any CPU
		{D18C90E0-04B6-4328-A14E-774993AB3237}.Debug|Any CPU.Build.0 = Debug|Any CPU
		{D18C90E0-04B6-4328-A14E-774993AB3237}.Debug|x64.ActiveCfg = Debug|Any CPU
		{D18C90E0-04B6-4328-A14E-774993AB3237}.Debug|x64.Build.0 = Debug|Any CPU
		{D18C90E0-04B6-4328-A14E-774993AB3237}.Debug|x86.ActiveCfg = Debug|Any CPU
		{D18C90E0-04B6-4328-A14E-774993AB3237}.Debug|x86.Build.0 = Debug|Any CPU
		{D18C90E0-04B6-4328-A14E-774993AB3237}.Release|Any CPU.ActiveCfg = Release|Any CPU
		{D18C90E0-04B6-4328-A14E-774993AB3237}.Release|Any CPU.Build.0 = Release|Any CPU
		{D18C90E0-04B6-4328-A14E-774993AB3237}.Release|x64.ActiveCfg = Release|Any CPU
		{D18C90E0-04B6-4328-A14E-774993AB3237}.Release|x64.Build.0 = Release|Any CPU
		{D18C90E0-04B6-4328-A14E-774993AB3237}.Release|x86.ActiveCfg = Release|Any CPU
		{D18C90E0-04B6-4328-A14E-774993AB3237}.Release|x86.Build.0 = Release|Any CPU
		{EE7AA14B-7342-4DE1-9EA2-3723E43111CF}.Debug|Any CPU.ActiveCfg = Debug|Any CPU
		{EE7AA14B-7342-4DE1-9EA2-3723E43111CF}.Debug|Any CPU.Build.0 = Debug|Any CPU
		{EE7AA14B-7342-4DE1-9EA2-3723E43111CF}.Debug|x64.ActiveCfg = Debug|Any CPU
		{EE7AA14B-7342-4DE1-9EA2-3723E43111CF}.Debug|x64.Build.0 = Debug|Any CPU
		{EE7AA14B-7342-4DE1-9EA2-3723E43111CF}.Debug|x86.ActiveCfg = Debug|Any CPU
		{EE7AA14B-7342-4DE1-9EA2-3723E43111CF}.Debug|x86.Build.0 = Debug|Any CPU
		{EE7AA14B-7342-4DE1-9EA2-3723E43111CF}.Release|Any CPU.ActiveCfg = Release|Any CPU
		{EE7AA14B-7342-4DE1-9EA2-3723E43111CF}.Release|Any CPU.Build.0 = Release|Any CPU
		{EE7AA14B-7342-4DE1-9EA2-3723E43111CF}.Release|x64.ActiveCfg = Release|Any CPU
		{EE7AA14B-7342-4DE1-9EA2-3723E43111CF}.Release|x64.Build.0 = Release|Any CPU
		{EE7AA14B-7342-4DE1-9EA2-3723E43111CF}.Release|x86.ActiveCfg = Release|Any CPU
		{EE7AA14B-7342-4DE1-9EA2-3723E43111CF}.Release|x86.Build.0 = Release|Any CPU
		{14F29E64-7495-4829-AD35-BEF7779F06ED}.Debug|Any CPU.ActiveCfg = Debug|Any CPU
		{14F29E64-7495-4829-AD35-BEF7779F06ED}.Debug|Any CPU.Build.0 = Debug|Any CPU
		{14F29E64-7495-4829-AD35-BEF7779F06ED}.Debug|x64.ActiveCfg = Debug|Any CPU
		{14F29E64-7495-4829-AD35-BEF7779F06ED}.Debug|x64.Build.0 = Debug|Any CPU
		{14F29E64-7495-4829-AD35-BEF7779F06ED}.Debug|x86.ActiveCfg = Debug|Any CPU
		{14F29E64-7495-4829-AD35-BEF7779F06ED}.Debug|x86.Build.0 = Debug|Any CPU
		{14F29E64-7495-4829-AD35-BEF7779F06ED}.Release|Any CPU.ActiveCfg = Release|Any CPU
		{14F29E64-7495-4829-AD35-BEF7779F06ED}.Release|Any CPU.Build.0 = Release|Any CPU
		{14F29E64-7495-4829-AD35-BEF7779F06ED}.Release|x64.ActiveCfg = Release|Any CPU
		{14F29E64-7495-4829-AD35-BEF7779F06ED}.Release|x64.Build.0 = Release|Any CPU
		{14F29E64-7495-4829-AD35-BEF7779F06ED}.Release|x86.ActiveCfg = Release|Any CPU
		{14F29E64-7495-4829-AD35-BEF7779F06ED}.Release|x86.Build.0 = Release|Any CPU
		{813C8955-FC6F-4A60-8316-3C82A5875379}.Debug|Any CPU.ActiveCfg = Debug|Any CPU
		{813C8955-FC6F-4A60-8316-3C82A5875379}.Debug|Any CPU.Build.0 = Debug|Any CPU
		{813C8955-FC6F-4A60-8316-3C82A5875379}.Debug|x64.ActiveCfg = Debug|Any CPU
		{813C8955-FC6F-4A60-8316-3C82A5875379}.Debug|x64.Build.0 = Debug|Any CPU
		{813C8955-FC6F-4A60-8316-3C82A5875379}.Debug|x86.ActiveCfg = Debug|Any CPU
		{813C8955-FC6F-4A60-8316-3C82A5875379}.Debug|x86.Build.0 = Debug|Any CPU
		{813C8955-FC6F-4A60-8316-3C82A5875379}.Release|Any CPU.ActiveCfg = Release|Any CPU
		{813C8955-FC6F-4A60-8316-3C82A5875379}.Release|Any CPU.Build.0 = Release|Any CPU
		{813C8955-FC6F-4A60-8316-3C82A5875379}.Release|x64.ActiveCfg = Release|Any CPU
		{813C8955-FC6F-4A60-8316-3C82A5875379}.Release|x64.Build.0 = Release|Any CPU
		{813C8955-FC6F-4A60-8316-3C82A5875379}.Release|x86.ActiveCfg = Release|Any CPU
		{813C8955-FC6F-4A60-8316-3C82A5875379}.Release|x86.Build.0 = Release|Any CPU
		{3D54B43B-1011-4E18-87C6-A3FA936CE10B}.Debug|Any CPU.ActiveCfg = Debug|Any CPU
		{3D54B43B-1011-4E18-87C6-A3FA936CE10B}.Debug|Any CPU.Build.0 = Debug|Any CPU
		{3D54B43B-1011-4E18-87C6-A3FA936CE10B}.Debug|x64.ActiveCfg = Debug|Any CPU
		{3D54B43B-1011-4E18-87C6-A3FA936CE10B}.Debug|x64.Build.0 = Debug|Any CPU
		{3D54B43B-1011-4E18-87C6-A3FA936CE10B}.Debug|x86.ActiveCfg = Debug|Any CPU
		{3D54B43B-1011-4E18-87C6-A3FA936CE10B}.Debug|x86.Build.0 = Debug|Any CPU
		{3D54B43B-1011-4E18-87C6-A3FA936CE10B}.Release|Any CPU.ActiveCfg = Release|Any CPU
		{3D54B43B-1011-4E18-87C6-A3FA936CE10B}.Release|Any CPU.Build.0 = Release|Any CPU
		{3D54B43B-1011-4E18-87C6-A3FA936CE10B}.Release|x64.ActiveCfg = Release|Any CPU
		{3D54B43B-1011-4E18-87C6-A3FA936CE10B}.Release|x64.Build.0 = Release|Any CPU
		{3D54B43B-1011-4E18-87C6-A3FA936CE10B}.Release|x86.ActiveCfg = Release|Any CPU
		{3D54B43B-1011-4E18-87C6-A3FA936CE10B}.Release|x86.Build.0 = Release|Any CPU
		{21209507-8081-4061-9197-8F97F48C6392}.Debug|Any CPU.ActiveCfg = Debug|Any CPU
		{21209507-8081-4061-9197-8F97F48C6392}.Debug|Any CPU.Build.0 = Debug|Any CPU
		{21209507-8081-4061-9197-8F97F48C6392}.Debug|x64.ActiveCfg = Debug|Any CPU
		{21209507-8081-4061-9197-8F97F48C6392}.Debug|x64.Build.0 = Debug|Any CPU
		{21209507-8081-4061-9197-8F97F48C6392}.Debug|x86.ActiveCfg = Debug|Any CPU
		{21209507-8081-4061-9197-8F97F48C6392}.Debug|x86.Build.0 = Debug|Any CPU
		{21209507-8081-4061-9197-8F97F48C6392}.Release|Any CPU.ActiveCfg = Release|Any CPU
		{21209507-8081-4061-9197-8F97F48C6392}.Release|Any CPU.Build.0 = Release|Any CPU
		{21209507-8081-4061-9197-8F97F48C6392}.Release|x64.ActiveCfg = Release|Any CPU
		{21209507-8081-4061-9197-8F97F48C6392}.Release|x64.Build.0 = Release|Any CPU
		{21209507-8081-4061-9197-8F97F48C6392}.Release|x86.ActiveCfg = Release|Any CPU
		{21209507-8081-4061-9197-8F97F48C6392}.Release|x86.Build.0 = Release|Any CPU
	EndGlobalSection
	GlobalSection(SolutionProperties) = preSolution
		HideSolutionNode = FALSE
	EndGlobalSection
	GlobalSection(NestedProjects) = preSolution
		{2EFF2C3D-62CD-7D0D-2F67-B7535FD0BDC7} = {691558A3-06B5-21FC-A5FD-23D920EDA287}
		{D18C90E0-04B6-4328-A14E-774993AB3237} = {2EFF2C3D-62CD-7D0D-2F67-B7535FD0BDC7}
		{EE7AA14B-7342-4DE1-9EA2-3723E43111CF} = {2EFF2C3D-62CD-7D0D-2F67-B7535FD0BDC7}
		{14F29E64-7495-4829-AD35-BEF7779F06ED} = {2EFF2C3D-62CD-7D0D-2F67-B7535FD0BDC7}
		{76393548-D5FD-C84C-A814-F080CEFEC156} = {691558A3-06B5-21FC-A5FD-23D920EDA287}
		{813C8955-FC6F-4A60-8316-3C82A5875379} = {76393548-D5FD-C84C-A814-F080CEFEC156}
		{3D54B43B-1011-4E18-87C6-A3FA936CE10B} = {76393548-D5FD-C84C-A814-F080CEFEC156}
		{21209507-8081-4061-9197-8F97F48C6392} = {76393548-D5FD-C84C-A814-F080CEFEC156}
	EndGlobalSection
EndGlobal
