Microsoft Visual Studio Solution File, Format Version 12.00
# Visual Studio Version 17
VisualStudioVersion = 17.5.2.0
MinimumVisualStudioVersion = 10.0.40219.1
Project("{2150E333-8FDC-42A3-9474-1A3956D46DE8}") = "AcademicManagement", "AcademicManagement", "{0549CF90-9E07-E9D7-92AC-AA89DD6EE3AA}"
EndProject
Project("{2150E333-8FDC-42A3-9474-1A3956D46DE8}") = "StudentEnrollment", "StudentEnrollment", "{86529525-06E0-D339-CBE5-AFEA9DA80A2F}"
EndProject
Project("{FAE04EC0-301F-11D3-BF4B-00C04F79EFBC}") = "AcademicManagement.Application", "AcademicManagement\AcademicManagement.Application\AcademicManagement.Application.csproj", "{0982A2EE-756C-BF94-96C1-7E1E3BC422F7}"
EndProject
Project("{FAE04EC0-301F-11D3-BF4B-00C04F79EFBC}") = "AcademicManagement.Domain", "AcademicManagement\AcademicManagement.Domain\AcademicManagement.Domain.csproj", "{FFC79AA0-33F1-C9A0-73AA-97F863B551B4}"
EndProject
Project("{FAE04EC0-301F-11D3-BF4B-00C04F79EFBC}") = "AcademicManagement.Infrastructure", "AcademicManagement\AcademicManagement.Infrastructure\AcademicManagement.Infrastructure.csproj", "{649270D7-0AC1-5822-0296-448863E21D60}"
EndProject
Project("{FAE04EC0-301F-11D3-BF4B-00C04F79EFBC}") = "AcademicManagement.StartUp", "AcademicManagement\AcademicManagement.StartUp\AcademicManagement.StartUp.csproj", "{DF63A89B-73B3-E346-A5FE-F99229F8966C}"
EndProject
Project("{FAE04EC0-301F-11D3-BF4B-00C04F79EFBC}") = "StudentEnrollment.Application", "StudentEnrollment\StudentEnrollment.Application\StudentEnrollment.Application.csproj", "{BA6373A5-7105-F678-3A24-914446518304}"
EndProject
Project("{FAE04EC0-301F-11D3-BF4B-00C04F79EFBC}") = "StudentEnrollment.Domain", "StudentEnrollment\StudentEnrollment.Domain\StudentEnrollment.Domain.csproj", "{F2DFB461-9851-751D-D1FB-512F90D417D0}"
EndProject
Project("{FAE04EC0-301F-11D3-BF4B-00C04F79EFBC}") = "StudentEnrollment.Infrastructure", "StudentEnrollment\StudentEnrollment.Infrastructure\StudentEnrollment.Infrastructure.csproj", "{A379EEE1-7F28-9DE5-3A1C-6DEA7C5817A1}"
EndProject
Project("{FAE04EC0-301F-11D3-BF4B-00C04F79EFBC}") = "StudentEnrollment.StartUp", "StudentEnrollment\StudentEnrollment.StartUp\StudentEnrollment.StartUp.csproj", "{1410CD77-19B2-1AB3-029B-A5A55D7F2879}"
EndProject
Global
	GlobalSection(SolutionConfigurationPlatforms) = preSolution
		Debug|Any CPU = Debug|Any CPU
		Release|Any CPU = Release|Any CPU
	EndGlobalSection
	GlobalSection(ProjectConfigurationPlatforms) = postSolution
		{0982A2EE-756C-BF94-96C1-7E1E3BC422F7}.Debug|Any CPU.ActiveCfg = Debug|Any CPU
		{0982A2EE-756C-BF94-96C1-7E1E3BC422F7}.Debug|Any CPU.Build.0 = Debug|Any CPU
		{0982A2EE-756C-BF94-96C1-7E1E3BC422F7}.Release|Any CPU.ActiveCfg = Release|Any CPU
		{0982A2EE-756C-BF94-96C1-7E1E3BC422F7}.Release|Any CPU.Build.0 = Release|Any CPU
		{FFC79AA0-33F1-C9A0-73AA-97F863B551B4}.Debug|Any CPU.ActiveCfg = Debug|Any CPU
		{FFC79AA0-33F1-C9A0-73AA-97F863B551B4}.Debug|Any CPU.Build.0 = Debug|Any CPU
		{FFC79AA0-33F1-C9A0-73AA-97F863B551B4}.Release|Any CPU.ActiveCfg = Release|Any CPU
		{FFC79AA0-33F1-C9A0-73AA-97F863B551B4}.Release|Any CPU.Build.0 = Release|Any CPU
		{649270D7-0AC1-5822-0296-448863E21D60}.Debug|Any CPU.ActiveCfg = Debug|Any CPU
		{649270D7-0AC1-5822-0296-448863E21D60}.Debug|Any CPU.Build.0 = Debug|Any CPU
		{649270D7-0AC1-5822-0296-448863E21D60}.Release|Any CPU.ActiveCfg = Release|Any CPU
		{649270D7-0AC1-5822-0296-448863E21D60}.Release|Any CPU.Build.0 = Release|Any CPU
		{DF63A89B-73B3-E346-A5FE-F99229F8966C}.Debug|Any CPU.ActiveCfg = Debug|Any CPU
		{DF63A89B-73B3-E346-A5FE-F99229F8966C}.Debug|Any CPU.Build.0 = Debug|Any CPU
		{DF63A89B-73B3-E346-A5FE-F99229F8966C}.Release|Any CPU.ActiveCfg = Release|Any CPU
		{DF63A89B-73B3-E346-A5FE-F99229F8966C}.Release|Any CPU.Build.0 = Release|Any CPU
		{BA6373A5-7105-F678-3A24-914446518304}.Debug|Any CPU.ActiveCfg = Debug|Any CPU
		{BA6373A5-7105-F678-3A24-914446518304}.Debug|Any CPU.Build.0 = Debug|Any CPU
		{BA6373A5-7105-F678-3A24-914446518304}.Release|Any CPU.ActiveCfg = Release|Any CPU
		{BA6373A5-7105-F678-3A24-914446518304}.Release|Any CPU.Build.0 = Release|Any CPU
		{F2DFB461-9851-751D-D1FB-512F90D417D0}.Debug|Any CPU.ActiveCfg = Debug|Any CPU
		{F2DFB461-9851-751D-D1FB-512F90D417D0}.Debug|Any CPU.Build.0 = Debug|Any CPU
		{F2DFB461-9851-751D-D1FB-512F90D417D0}.Release|Any CPU.ActiveCfg = Release|Any CPU
		{F2DFB461-9851-751D-D1FB-512F90D417D0}.Release|Any CPU.Build.0 = Release|Any CPU
		{A379EEE1-7F28-9DE5-3A1C-6DEA7C5817A1}.Debug|Any CPU.ActiveCfg = Debug|Any CPU
		{A379EEE1-7F28-9DE5-3A1C-6DEA7C5817A1}.Debug|Any CPU.Build.0 = Debug|Any CPU
		{A379EEE1-7F28-9DE5-3A1C-6DEA7C5817A1}.Release|Any CPU.ActiveCfg = Release|Any CPU
		{A379EEE1-7F28-9DE5-3A1C-6DEA7C5817A1}.Release|Any CPU.Build.0 = Release|Any CPU
		{1410CD77-19B2-1AB3-029B-A5A55D7F2879}.Debug|Any CPU.ActiveCfg = Debug|Any CPU
		{1410CD77-19B2-1AB3-029B-A5A55D7F2879}.Debug|Any CPU.Build.0 = Debug|Any CPU
		{1410CD77-19B2-1AB3-029B-A5A55D7F2879}.Release|Any CPU.ActiveCfg = Release|Any CPU
		{1410CD77-19B2-1AB3-029B-A5A55D7F2879}.Release|Any CPU.Build.0 = Release|Any CPU
	EndGlobalSection
	GlobalSection(SolutionProperties) = preSolution
		HideSolutionNode = FALSE
	EndGlobalSection
	GlobalSection(NestedProjects) = preSolution
		{0982A2EE-756C-BF94-96C1-7E1E3BC422F7} = {0549CF90-9E07-E9D7-92AC-AA89DD6EE3AA}
		{FFC79AA0-33F1-C9A0-73AA-97F863B551B4} = {0549CF90-9E07-E9D7-92AC-AA89DD6EE3AA}
		{649270D7-0AC1-5822-0296-448863E21D60} = {0549CF90-9E07-E9D7-92AC-AA89DD6EE3AA}
		{DF63A89B-73B3-E346-A5FE-F99229F8966C} = {0549CF90-9E07-E9D7-92AC-AA89DD6EE3AA}
		{BA6373A5-7105-F678-3A24-914446518304} = {86529525-06E0-D339-CBE5-AFEA9DA80A2F}
		{F2DFB461-9851-751D-D1FB-512F90D417D0} = {86529525-06E0-D339-CBE5-AFEA9DA80A2F}
		{A379EEE1-7F28-9DE5-3A1C-6DEA7C5817A1} = {86529525-06E0-D339-CBE5-AFEA9DA80A2F}
		{1410CD77-19B2-1AB3-029B-A5A55D7F2879} = {86529525-06E0-D339-CBE5-AFEA9DA80A2F}
	EndGlobalSection
	GlobalSection(ExtensibilityGlobals) = postSolution
		SolutionGuid = {B07FB798-AC78-4AAB-B752-49C042FA8B04}
	EndGlobalSection
EndGlobal
